
Microsoft Visual Studio Solution File, Format Version 12.00
# Visual Studio Version 17
VisualStudioVersion = 17.9.34728.123
MinimumVisualStudioVersion = 10.0.40219.1
Project("{9A19103F-16F7-4668-BE54-9A1E7A4F7556}") = "MagicVilla_VillaAPI", "MagicVilla_VillaAPI\MagicVilla_VillaAPI.csproj", "{B2A8691C-79E8-4EB2-9748-6428553652DD}"
EndProject
Project("{FAE04EC0-301F-11D3-BF4B-00C04F79EFBC}") = "MagicVilla_Web", "MagicVilla_Web\MagicVilla_Web.csproj", "{78C40FBA-B4D8-4C7E-A829-6EE97EC64C24}"
EndProject
Project("{FAE04EC0-301F-11D3-BF4B-00C04F79EFBC}") = "MagicVilla_Utility", "MagicVilla_Utility\MagicVilla_Utility.csproj", "{F446AF5D-70EE-4D73-9136-3BDE5C757F24}"
EndProject
Global
	GlobalSection(SolutionConfigurationPlatforms) = preSolution
		Debug|Any CPU = Debug|Any CPU
		Release|Any CPU = Release|Any CPU
	EndGlobalSection
	GlobalSection(ProjectConfigurationPlatforms) = postSolution
		{B2A8691C-79E8-4EB2-9748-6428553652DD}.Debug|Any CPU.ActiveCfg = Debug|Any CPU
		{B2A8691C-79E8-4EB2-9748-6428553652DD}.Debug|Any CPU.Build.0 = Debug|Any CPU
		{B2A8691C-79E8-4EB2-9748-6428553652DD}.Release|Any CPU.ActiveCfg = Release|Any CPU
		{B2A8691C-79E8-4EB2-9748-6428553652DD}.Release|Any CPU.Build.0 = Release|Any CPU
		{78C40FBA-B4D8-4C7E-A829-6EE97EC64C24}.Debug|Any CPU.ActiveCfg = Debug|Any CPU
		{78C40FBA-B4D8-4C7E-A829-6EE97EC64C24}.Debug|Any CPU.Build.0 = Debug|Any CPU
		{78C40FBA-B4D8-4C7E-A829-6EE97EC64C24}.Release|Any CPU.ActiveCfg = Release|Any CPU
		{78C40FBA-B4D8-4C7E-A829-6EE97EC64C24}.Release|Any CPU.Build.0 = Release|Any CPU
		{F446AF5D-70EE-4D73-9136-3BDE5C757F24}.Debug|Any CPU.ActiveCfg = Debug|Any CPU
		{F446AF5D-70EE-4D73-9136-3BDE5C757F24}.Debug|Any CPU.Build.0 = Debug|Any CPU
		{F446AF5D-70EE-4D73-9136-3BDE5C757F24}.Release|Any CPU.ActiveCfg = Release|Any CPU
		{F446AF5D-70EE-4D73-9136-3BDE5C757F24}.Release|Any CPU.Build.0 = Release|Any CPU
	EndGlobalSection
	GlobalSection(SolutionProperties) = preSolution
		HideSolutionNode = FALSE
	EndGlobalSection
	GlobalSection(ExtensibilityGlobals) = postSolution
		SolutionGuid = {5D7607E2-8DB7-43BE-A812-903CCD4EF8AA}
	EndGlobalSection
EndGlobal
